// !$*UTF8*$!
{
	archiveVersion = 1;
	classes = {
	};
	objectVersion = 46;
	objects = {

/* Begin PBXBuildFile section */
		390E77A615ECAB15FA83B602 /* Pods_SSLineChart_Example.framework in Frameworks */ = {isa = PBXBuildFile; fileRef = D0516AACCC9273508A158E9C /* Pods_SSLineChart_Example.framework */; };
		5C6D6C93C4C057744F267618 /* Pods_SSLineChart_Tests.framework in Frameworks */ = {isa = PBXBuildFile; fileRef = 66A95BA1FCE1EFA3D1917A74 /* Pods_SSLineChart_Tests.framework */; };
		607FACD61AFB9204008FA782 /* AppDelegate.swift in Sources */ = {isa = PBXBuildFile; fileRef = 607FACD51AFB9204008FA782 /* AppDelegate.swift */; };
		607FACD81AFB9204008FA782 /* ViewController.swift in Sources */ = {isa = PBXBuildFile; fileRef = 607FACD71AFB9204008FA782 /* ViewController.swift */; };
		607FACDB1AFB9204008FA782 /* Main.storyboard in Resources */ = {isa = PBXBuildFile; fileRef = 607FACD91AFB9204008FA782 /* Main.storyboard */; };
		607FACDD1AFB9204008FA782 /* Images.xcassets in Resources */ = {isa = PBXBuildFile; fileRef = 607FACDC1AFB9204008FA782 /* Images.xcassets */; };
		607FACE01AFB9204008FA782 /* LaunchScreen.xib in Resources */ = {isa = PBXBuildFile; fileRef = 607FACDE1AFB9204008FA782 /* LaunchScreen.xib */; };
		607FACEC1AFB9204008FA782 /* Tests.swift in Sources */ = {isa = PBXBuildFile; fileRef = 607FACEB1AFB9204008FA782 /* Tests.swift */; };
		BC13EEAD2861F22D00E49325 /* SSLineChart_Example (watchOS) WatchKit App.app in Embed Watch Content */ = {isa = PBXBuildFile; fileRef = BC13EEAC2861F22D00E49325 /* SSLineChart_Example (watchOS) WatchKit App.app */; settings = {ATTRIBUTES = (RemoveHeadersOnCopy, ); }; };
		BC13EEB32861F22D00E49325 /* Interface.storyboard in Resources */ = {isa = PBXBuildFile; fileRef = BC13EEB12861F22D00E49325 /* Interface.storyboard */; };
		BC13EEB52861F22F00E49325 /* Assets.xcassets in Resources */ = {isa = PBXBuildFile; fileRef = BC13EEB42861F22F00E49325 /* Assets.xcassets */; };
		BC13EEBB2861F22F00E49325 /* SSLineChart_Example (watchOS) WatchKit Extension.appex in Embed App Extensions */ = {isa = PBXBuildFile; fileRef = BC13EEBA2861F22F00E49325 /* SSLineChart_Example (watchOS) WatchKit Extension.appex */; settings = {ATTRIBUTES = (RemoveHeadersOnCopy, ); }; };
		BC13EEC02861F22F00E49325 /* InterfaceController.swift in Sources */ = {isa = PBXBuildFile; fileRef = BC13EEBF2861F22F00E49325 /* InterfaceController.swift */; };
		BC13EEC22861F22F00E49325 /* ExtensionDelegate.swift in Sources */ = {isa = PBXBuildFile; fileRef = BC13EEC12861F22F00E49325 /* ExtensionDelegate.swift */; };
		BC13EEC42861F22F00E49325 /* ComplicationController.swift in Sources */ = {isa = PBXBuildFile; fileRef = BC13EEC32861F22F00E49325 /* ComplicationController.swift */; };
		BC13EEC62861F23000E49325 /* Assets.xcassets in Resources */ = {isa = PBXBuildFile; fileRef = BC13EEC52861F23000E49325 /* Assets.xcassets */; };
		DAB627C4BC1017FA81964A8B /* Pods_SSLineChart_Example__watchOS__WatchKit_Extension.framework in Frameworks */ = {isa = PBXBuildFile; fileRef = DCD343C5F63426AF138A62B4 /* Pods_SSLineChart_Example__watchOS__WatchKit_Extension.framework */; };
		EDC8BCF408FB8D78C71366A3 /* Pods_SSLineChart_Example__watchOS__WatchKit_App.framework in Frameworks */ = {isa = PBXBuildFile; fileRef = 7EBD7507E566AAB47CB3B9D3 /* Pods_SSLineChart_Example__watchOS__WatchKit_App.framework */; };
/* End PBXBuildFile section */

/* Begin PBXContainerItemProxy section */
		607FACE61AFB9204008FA782 /* PBXContainerItemProxy */ = {
			isa = PBXContainerItemProxy;
			containerPortal = 607FACC81AFB9204008FA782 /* Project object */;
			proxyType = 1;
			remoteGlobalIDString = 607FACCF1AFB9204008FA782;
			remoteInfo = SSLineChart;
		};
		BC13EEAE2861F22D00E49325 /* PBXContainerItemProxy */ = {
			isa = PBXContainerItemProxy;
			containerPortal = 607FACC81AFB9204008FA782 /* Project object */;
			proxyType = 1;
			remoteGlobalIDString = BC13EEAB2861F22D00E49325;
			remoteInfo = "SSLineChart_Example (watchOS) WatchKit App";
		};
		BC13EEBC2861F22F00E49325 /* PBXContainerItemProxy */ = {
			isa = PBXContainerItemProxy;
			containerPortal = 607FACC81AFB9204008FA782 /* Project object */;
			proxyType = 1;
			remoteGlobalIDString = BC13EEB92861F22F00E49325;
			remoteInfo = "SSLineChart_Example (watchOS) WatchKit Extension";
		};
/* End PBXContainerItemProxy section */

/* Begin PBXCopyFilesBuildPhase section */
		BC13EECB2861F23000E49325 /* Embed App Extensions */ = {
			isa = PBXCopyFilesBuildPhase;
			buildActionMask = 2147483647;
			dstPath = "";
			dstSubfolderSpec = 13;
			files = (
				BC13EEBB2861F22F00E49325 /* SSLineChart_Example (watchOS) WatchKit Extension.appex in Embed App Extensions */,
			);
			name = "Embed App Extensions";
			runOnlyForDeploymentPostprocessing = 0;
		};
		BC13EECF2861F23000E49325 /* Embed Watch Content */ = {
			isa = PBXCopyFilesBuildPhase;
			buildActionMask = 2147483647;
			dstPath = "$(CONTENTS_FOLDER_PATH)/Watch";
			dstSubfolderSpec = 16;
			files = (
				BC13EEAD2861F22D00E49325 /* SSLineChart_Example (watchOS) WatchKit App.app in Embed Watch Content */,
			);
			name = "Embed Watch Content";
			runOnlyForDeploymentPostprocessing = 0;
		};
/* End PBXCopyFilesBuildPhase section */

/* Begin PBXFileReference section */
		11153B44D20ACD0B81238374 /* Pods-SSLineChart_Tests.debug.xcconfig */ = {isa = PBXFileReference; includeInIndex = 1; lastKnownFileType = text.xcconfig; name = "Pods-SSLineChart_Tests.debug.xcconfig"; path = "Target Support Files/Pods-SSLineChart_Tests/Pods-SSLineChart_Tests.debug.xcconfig"; sourceTree = "<group>"; };
		15A3DA46E00131424CFFF35D /* Pods-SSLineChart_Example (watchOS) WatchKit Extension.debug.xcconfig */ = {isa = PBXFileReference; includeInIndex = 1; lastKnownFileType = text.xcconfig; name = "Pods-SSLineChart_Example (watchOS) WatchKit Extension.debug.xcconfig"; path = "Target Support Files/Pods-SSLineChart_Example (watchOS) WatchKit Extension/Pods-SSLineChart_Example (watchOS) WatchKit Extension.debug.xcconfig"; sourceTree = "<group>"; };
		248CC2E0E25088F6AEFAC73E /* Pods-SSLineChart_Example.debug.xcconfig */ = {isa = PBXFileReference; includeInIndex = 1; lastKnownFileType = text.xcconfig; name = "Pods-SSLineChart_Example.debug.xcconfig"; path = "Target Support Files/Pods-SSLineChart_Example/Pods-SSLineChart_Example.debug.xcconfig"; sourceTree = "<group>"; };
		45EFAE8A369ABC204A4AB63A /* Pods-SSLineChart_Tests.release.xcconfig */ = {isa = PBXFileReference; includeInIndex = 1; lastKnownFileType = text.xcconfig; name = "Pods-SSLineChart_Tests.release.xcconfig"; path = "Target Support Files/Pods-SSLineChart_Tests/Pods-SSLineChart_Tests.release.xcconfig"; sourceTree = "<group>"; };
		4EF82F591F317576AE0549AF /* Pods-SSLineChart_Example (watchOS) WatchKit App.release.xcconfig */ = {isa = PBXFileReference; includeInIndex = 1; lastKnownFileType = text.xcconfig; name = "Pods-SSLineChart_Example (watchOS) WatchKit App.release.xcconfig"; path = "Target Support Files/Pods-SSLineChart_Example (watchOS) WatchKit App/Pods-SSLineChart_Example (watchOS) WatchKit App.release.xcconfig"; sourceTree = "<group>"; };
		5AB432F3FBF39A924DA5C6CA /* SSLineChart.podspec */ = {isa = PBXFileReference; includeInIndex = 1; lastKnownFileType = text; name = SSLineChart.podspec; path = ../SSLineChart.podspec; sourceTree = "<group>"; xcLanguageSpecificationIdentifier = xcode.lang.ruby; };
		607FACD01AFB9204008FA782 /* SSLineChart_Example.app */ = {isa = PBXFileReference; explicitFileType = wrapper.application; includeInIndex = 0; path = SSLineChart_Example.app; sourceTree = BUILT_PRODUCTS_DIR; };
		607FACD41AFB9204008FA782 /* Info.plist */ = {isa = PBXFileReference; lastKnownFileType = text.plist.xml; path = Info.plist; sourceTree = "<group>"; };
		607FACD51AFB9204008FA782 /* AppDelegate.swift */ = {isa = PBXFileReference; lastKnownFileType = sourcecode.swift; path = AppDelegate.swift; sourceTree = "<group>"; };
		607FACD71AFB9204008FA782 /* ViewController.swift */ = {isa = PBXFileReference; lastKnownFileType = sourcecode.swift; path = ViewController.swift; sourceTree = "<group>"; };
		607FACDA1AFB9204008FA782 /* Base */ = {isa = PBXFileReference; lastKnownFileType = file.storyboard; name = Base; path = Base.lproj/Main.storyboard; sourceTree = "<group>"; };
		607FACDC1AFB9204008FA782 /* Images.xcassets */ = {isa = PBXFileReference; lastKnownFileType = folder.assetcatalog; path = Images.xcassets; sourceTree = "<group>"; };
		607FACDF1AFB9204008FA782 /* Base */ = {isa = PBXFileReference; lastKnownFileType = file.xib; name = Base; path = Base.lproj/LaunchScreen.xib; sourceTree = "<group>"; };
		607FACE51AFB9204008FA782 /* SSLineChart_Tests.xctest */ = {isa = PBXFileReference; explicitFileType = wrapper.cfbundle; includeInIndex = 0; path = SSLineChart_Tests.xctest; sourceTree = BUILT_PRODUCTS_DIR; };
		607FACEA1AFB9204008FA782 /* Info.plist */ = {isa = PBXFileReference; lastKnownFileType = text.plist.xml; path = Info.plist; sourceTree = "<group>"; };
		607FACEB1AFB9204008FA782 /* Tests.swift */ = {isa = PBXFileReference; lastKnownFileType = sourcecode.swift; path = Tests.swift; sourceTree = "<group>"; };
		66A95BA1FCE1EFA3D1917A74 /* Pods_SSLineChart_Tests.framework */ = {isa = PBXFileReference; explicitFileType = wrapper.framework; includeInIndex = 0; path = Pods_SSLineChart_Tests.framework; sourceTree = BUILT_PRODUCTS_DIR; };
		6DC837FC400714FD8E9B63D6 /* README.md */ = {isa = PBXFileReference; includeInIndex = 1; lastKnownFileType = net.daringfireball.markdown; name = README.md; path = ../README.md; sourceTree = "<group>"; };
		729C4DB1D2B68BA7F24BBB04 /* LICENSE */ = {isa = PBXFileReference; includeInIndex = 1; lastKnownFileType = text; name = LICENSE; path = ../LICENSE; sourceTree = "<group>"; };
		7EBD7507E566AAB47CB3B9D3 /* Pods_SSLineChart_Example__watchOS__WatchKit_App.framework */ = {isa = PBXFileReference; explicitFileType = wrapper.framework; includeInIndex = 0; path = Pods_SSLineChart_Example__watchOS__WatchKit_App.framework; sourceTree = BUILT_PRODUCTS_DIR; };
		ADC2F6313EB7ED99B98D7286 /* Pods-SSLineChart_Example (watchOS) WatchKit Extension.release.xcconfig */ = {isa = PBXFileReference; includeInIndex = 1; lastKnownFileType = text.xcconfig; name = "Pods-SSLineChart_Example (watchOS) WatchKit Extension.release.xcconfig"; path = "Target Support Files/Pods-SSLineChart_Example (watchOS) WatchKit Extension/Pods-SSLineChart_Example (watchOS) WatchKit Extension.release.xcconfig"; sourceTree = "<group>"; };
		BC13EEA92861F22D00E49325 /* SSLineChart_Example (watchOS).app */ = {isa = PBXFileReference; explicitFileType = wrapper.application; includeInIndex = 0; path = "SSLineChart_Example (watchOS).app"; sourceTree = BUILT_PRODUCTS_DIR; };
		BC13EEAC2861F22D00E49325 /* SSLineChart_Example (watchOS) WatchKit App.app */ = {isa = PBXFileReference; explicitFileType = wrapper.application; includeInIndex = 0; path = "SSLineChart_Example (watchOS) WatchKit App.app"; sourceTree = BUILT_PRODUCTS_DIR; };
		BC13EEB22861F22D00E49325 /* Base */ = {isa = PBXFileReference; lastKnownFileType = file.storyboard; name = Base; path = Base.lproj/Interface.storyboard; sourceTree = "<group>"; };
		BC13EEB42861F22F00E49325 /* Assets.xcassets */ = {isa = PBXFileReference; lastKnownFileType = folder.assetcatalog; path = Assets.xcassets; sourceTree = "<group>"; };
		BC13EEBA2861F22F00E49325 /* SSLineChart_Example (watchOS) WatchKit Extension.appex */ = {isa = PBXFileReference; explicitFileType = "wrapper.app-extension"; includeInIndex = 0; path = "SSLineChart_Example (watchOS) WatchKit Extension.appex"; sourceTree = BUILT_PRODUCTS_DIR; };
		BC13EEBF2861F22F00E49325 /* InterfaceController.swift */ = {isa = PBXFileReference; lastKnownFileType = sourcecode.swift; path = InterfaceController.swift; sourceTree = "<group>"; };
		BC13EEC12861F22F00E49325 /* ExtensionDelegate.swift */ = {isa = PBXFileReference; lastKnownFileType = sourcecode.swift; path = ExtensionDelegate.swift; sourceTree = "<group>"; };
		BC13EEC32861F22F00E49325 /* ComplicationController.swift */ = {isa = PBXFileReference; lastKnownFileType = sourcecode.swift; path = ComplicationController.swift; sourceTree = "<group>"; };
		BC13EEC52861F23000E49325 /* Assets.xcassets */ = {isa = PBXFileReference; lastKnownFileType = folder.assetcatalog; path = Assets.xcassets; sourceTree = "<group>"; };
		BC13EEC72861F23000E49325 /* Info.plist */ = {isa = PBXFileReference; lastKnownFileType = text.plist.xml; path = Info.plist; sourceTree = "<group>"; };
		CB95745ECFA8F9A0725868FD /* Pods-SSLineChart_Example.release.xcconfig */ = {isa = PBXFileReference; includeInIndex = 1; lastKnownFileType = text.xcconfig; name = "Pods-SSLineChart_Example.release.xcconfig"; path = "Target Support Files/Pods-SSLineChart_Example/Pods-SSLineChart_Example.release.xcconfig"; sourceTree = "<group>"; };
		D0516AACCC9273508A158E9C /* Pods_SSLineChart_Example.framework */ = {isa = PBXFileReference; explicitFileType = wrapper.framework; includeInIndex = 0; path = Pods_SSLineChart_Example.framework; sourceTree = BUILT_PRODUCTS_DIR; };
		DCD343C5F63426AF138A62B4 /* Pods_SSLineChart_Example__watchOS__WatchKit_Extension.framework */ = {isa = PBXFileReference; explicitFileType = wrapper.framework; includeInIndex = 0; path = Pods_SSLineChart_Example__watchOS__WatchKit_Extension.framework; sourceTree = BUILT_PRODUCTS_DIR; };
		E74CF66F21874CA29A91569F /* Pods-SSLineChart_Example (watchOS) WatchKit App.debug.xcconfig */ = {isa = PBXFileReference; includeInIndex = 1; lastKnownFileType = text.xcconfig; name = "Pods-SSLineChart_Example (watchOS) WatchKit App.debug.xcconfig"; path = "Target Support Files/Pods-SSLineChart_Example (watchOS) WatchKit App/Pods-SSLineChart_Example (watchOS) WatchKit App.debug.xcconfig"; sourceTree = "<group>"; };
/* End PBXFileReference section */

/* Begin PBXFrameworksBuildPhase section */
		607FACCD1AFB9204008FA782 /* Frameworks */ = {
			isa = PBXFrameworksBuildPhase;
			buildActionMask = 2147483647;
			files = (
				390E77A615ECAB15FA83B602 /* Pods_SSLineChart_Example.framework in Frameworks */,
			);
			runOnlyForDeploymentPostprocessing = 0;
		};
		607FACE21AFB9204008FA782 /* Frameworks */ = {
			isa = PBXFrameworksBuildPhase;
			buildActionMask = 2147483647;
			files = (
				5C6D6C93C4C057744F267618 /* Pods_SSLineChart_Tests.framework in Frameworks */,
			);
			runOnlyForDeploymentPostprocessing = 0;
		};
		671A3055E8854B1991F6AF9A /* Frameworks */ = {
			isa = PBXFrameworksBuildPhase;
			buildActionMask = 2147483647;
			files = (
				EDC8BCF408FB8D78C71366A3 /* Pods_SSLineChart_Example__watchOS__WatchKit_App.framework in Frameworks */,
			);
			runOnlyForDeploymentPostprocessing = 0;
		};
		BC13EEB72861F22F00E49325 /* Frameworks */ = {
			isa = PBXFrameworksBuildPhase;
			buildActionMask = 2147483647;
			files = (
				DAB627C4BC1017FA81964A8B /* Pods_SSLineChart_Example__watchOS__WatchKit_Extension.framework in Frameworks */,
			);
			runOnlyForDeploymentPostprocessing = 0;
		};
/* End PBXFrameworksBuildPhase section */

/* Begin PBXGroup section */
		1E659BAA3A348F4931B4ECEB /* Frameworks */ = {
			isa = PBXGroup;
			children = (
				D0516AACCC9273508A158E9C /* Pods_SSLineChart_Example.framework */,
				66A95BA1FCE1EFA3D1917A74 /* Pods_SSLineChart_Tests.framework */,
				7EBD7507E566AAB47CB3B9D3 /* Pods_SSLineChart_Example__watchOS__WatchKit_App.framework */,
				DCD343C5F63426AF138A62B4 /* Pods_SSLineChart_Example__watchOS__WatchKit_Extension.framework */,
			);
			name = Frameworks;
			sourceTree = "<group>";
		};
		607FACC71AFB9204008FA782 = {
			isa = PBXGroup;
			children = (
				607FACF51AFB993E008FA782 /* Podspec Metadata */,
				607FACD21AFB9204008FA782 /* Example for SSLineChart */,
				607FACE81AFB9204008FA782 /* Tests */,
				BC13EEB02861F22D00E49325 /* SSLineChart_Example (watchOS) WatchKit App */,
				BC13EEBE2861F22F00E49325 /* SSLineChart_Example (watchOS) WatchKit Extension */,
				607FACD11AFB9204008FA782 /* Products */,
				EE9183A155476CF237F65AF6 /* Pods */,
				1E659BAA3A348F4931B4ECEB /* Frameworks */,
			);
			sourceTree = "<group>";
		};
		607FACD11AFB9204008FA782 /* Products */ = {
			isa = PBXGroup;
			children = (
				607FACD01AFB9204008FA782 /* SSLineChart_Example.app */,
				607FACE51AFB9204008FA782 /* SSLineChart_Tests.xctest */,
				BC13EEA92861F22D00E49325 /* SSLineChart_Example (watchOS).app */,
				BC13EEAC2861F22D00E49325 /* SSLineChart_Example (watchOS) WatchKit App.app */,
				BC13EEBA2861F22F00E49325 /* SSLineChart_Example (watchOS) WatchKit Extension.appex */,
			);
			name = Products;
			sourceTree = "<group>";
		};
		607FACD21AFB9204008FA782 /* Example for SSLineChart */ = {
			isa = PBXGroup;
			children = (
				607FACD51AFB9204008FA782 /* AppDelegate.swift */,
				607FACD71AFB9204008FA782 /* ViewController.swift */,
				607FACD91AFB9204008FA782 /* Main.storyboard */,
				607FACDC1AFB9204008FA782 /* Images.xcassets */,
				607FACDE1AFB9204008FA782 /* LaunchScreen.xib */,
				607FACD31AFB9204008FA782 /* Supporting Files */,
			);
			name = "Example for SSLineChart";
			path = SSLineChart;
			sourceTree = "<group>";
		};
		607FACD31AFB9204008FA782 /* Supporting Files */ = {
			isa = PBXGroup;
			children = (
				607FACD41AFB9204008FA782 /* Info.plist */,
			);
			name = "Supporting Files";
			sourceTree = "<group>";
		};
		607FACE81AFB9204008FA782 /* Tests */ = {
			isa = PBXGroup;
			children = (
				607FACEB1AFB9204008FA782 /* Tests.swift */,
				607FACE91AFB9204008FA782 /* Supporting Files */,
			);
			path = Tests;
			sourceTree = "<group>";
		};
		607FACE91AFB9204008FA782 /* Supporting Files */ = {
			isa = PBXGroup;
			children = (
				607FACEA1AFB9204008FA782 /* Info.plist */,
			);
			name = "Supporting Files";
			sourceTree = "<group>";
		};
		607FACF51AFB993E008FA782 /* Podspec Metadata */ = {
			isa = PBXGroup;
			children = (
				5AB432F3FBF39A924DA5C6CA /* SSLineChart.podspec */,
				6DC837FC400714FD8E9B63D6 /* README.md */,
				729C4DB1D2B68BA7F24BBB04 /* LICENSE */,
			);
			name = "Podspec Metadata";
			sourceTree = "<group>";
		};
		BC13EEB02861F22D00E49325 /* SSLineChart_Example (watchOS) WatchKit App */ = {
			isa = PBXGroup;
			children = (
				BC13EEB12861F22D00E49325 /* Interface.storyboard */,
				BC13EEB42861F22F00E49325 /* Assets.xcassets */,
			);
			path = "SSLineChart_Example (watchOS) WatchKit App";
			sourceTree = "<group>";
		};
		BC13EEBE2861F22F00E49325 /* SSLineChart_Example (watchOS) WatchKit Extension */ = {
			isa = PBXGroup;
			children = (
				BC13EEBF2861F22F00E49325 /* InterfaceController.swift */,
				BC13EEC12861F22F00E49325 /* ExtensionDelegate.swift */,
				BC13EEC32861F22F00E49325 /* ComplicationController.swift */,
				BC13EEC52861F23000E49325 /* Assets.xcassets */,
				BC13EEC72861F23000E49325 /* Info.plist */,
			);
			path = "SSLineChart_Example (watchOS) WatchKit Extension";
			sourceTree = "<group>";
		};
		EE9183A155476CF237F65AF6 /* Pods */ = {
			isa = PBXGroup;
			children = (
				248CC2E0E25088F6AEFAC73E /* Pods-SSLineChart_Example.debug.xcconfig */,
				CB95745ECFA8F9A0725868FD /* Pods-SSLineChart_Example.release.xcconfig */,
				11153B44D20ACD0B81238374 /* Pods-SSLineChart_Tests.debug.xcconfig */,
				45EFAE8A369ABC204A4AB63A /* Pods-SSLineChart_Tests.release.xcconfig */,
				E74CF66F21874CA29A91569F /* Pods-SSLineChart_Example (watchOS) WatchKit App.debug.xcconfig */,
				4EF82F591F317576AE0549AF /* Pods-SSLineChart_Example (watchOS) WatchKit App.release.xcconfig */,
				15A3DA46E00131424CFFF35D /* Pods-SSLineChart_Example (watchOS) WatchKit Extension.debug.xcconfig */,
				ADC2F6313EB7ED99B98D7286 /* Pods-SSLineChart_Example (watchOS) WatchKit Extension.release.xcconfig */,
			);
			path = Pods;
			sourceTree = "<group>";
		};
/* End PBXGroup section */

/* Begin PBXNativeTarget section */
		607FACCF1AFB9204008FA782 /* SSLineChart_Example */ = {
			isa = PBXNativeTarget;
			buildConfigurationList = 607FACEF1AFB9204008FA782 /* Build configuration list for PBXNativeTarget "SSLineChart_Example" */;
			buildPhases = (
				49D9BB9C9FD75F6C4680A0E6 /* [CP] Check Pods Manifest.lock */,
				607FACCC1AFB9204008FA782 /* Sources */,
				607FACCD1AFB9204008FA782 /* Frameworks */,
				607FACCE1AFB9204008FA782 /* Resources */,
				C3E48D179E59904B8F6CE3F1 /* [CP] Embed Pods Frameworks */,
			);
			buildRules = (
			);
			dependencies = (
			);
			name = SSLineChart_Example;
			productName = SSLineChart;
			productReference = 607FACD01AFB9204008FA782 /* SSLineChart_Example.app */;
			productType = "com.apple.product-type.application";
		};
		607FACE41AFB9204008FA782 /* SSLineChart_Tests */ = {
			isa = PBXNativeTarget;
			buildConfigurationList = 607FACF21AFB9204008FA782 /* Build configuration list for PBXNativeTarget "SSLineChart_Tests" */;
			buildPhases = (
				96BACACA295B5006E0CBF93E /* [CP] Check Pods Manifest.lock */,
				607FACE11AFB9204008FA782 /* Sources */,
				607FACE21AFB9204008FA782 /* Frameworks */,
				607FACE31AFB9204008FA782 /* Resources */,
			);
			buildRules = (
			);
			dependencies = (
				607FACE71AFB9204008FA782 /* PBXTargetDependency */,
			);
			name = SSLineChart_Tests;
			productName = Tests;
			productReference = 607FACE51AFB9204008FA782 /* SSLineChart_Tests.xctest */;
			productType = "com.apple.product-type.bundle.unit-test";
		};
		BC13EEA82861F22D00E49325 /* SSLineChart_Example (watchOS) */ = {
			isa = PBXNativeTarget;
			buildConfigurationList = BC13EED02861F23000E49325 /* Build configuration list for PBXNativeTarget "SSLineChart_Example (watchOS)" */;
			buildPhases = (
				BC13EEA72861F22D00E49325 /* Resources */,
				BC13EECF2861F23000E49325 /* Embed Watch Content */,
			);
			buildRules = (
			);
			dependencies = (
				BC13EEAF2861F22D00E49325 /* PBXTargetDependency */,
			);
			name = "SSLineChart_Example (watchOS)";
			productName = "SSLineChart_Example (watchOS)";
			productReference = BC13EEA92861F22D00E49325 /* SSLineChart_Example (watchOS).app */;
			productType = "com.apple.product-type.application.watchapp2-container";
		};
		BC13EEAB2861F22D00E49325 /* SSLineChart_Example (watchOS) WatchKit App */ = {
			isa = PBXNativeTarget;
			buildConfigurationList = BC13EECC2861F23000E49325 /* Build configuration list for PBXNativeTarget "SSLineChart_Example (watchOS) WatchKit App" */;
			buildPhases = (
				83B52746E330EDBFA504B20C /* [CP] Check Pods Manifest.lock */,
				BC13EEAA2861F22D00E49325 /* Resources */,
				BC13EECB2861F23000E49325 /* Embed App Extensions */,
				671A3055E8854B1991F6AF9A /* Frameworks */,
			);
			buildRules = (
			);
			dependencies = (
				BC13EEBD2861F22F00E49325 /* PBXTargetDependency */,
			);
			name = "SSLineChart_Example (watchOS) WatchKit App";
			productName = "SSLineChart_Example (watchOS) WatchKit App";
			productReference = BC13EEAC2861F22D00E49325 /* SSLineChart_Example (watchOS) WatchKit App.app */;
			productType = "com.apple.product-type.application.watchapp2";
		};
		BC13EEB92861F22F00E49325 /* SSLineChart_Example (watchOS) WatchKit Extension */ = {
			isa = PBXNativeTarget;
			buildConfigurationList = BC13EEC82861F23000E49325 /* Build configuration list for PBXNativeTarget "SSLineChart_Example (watchOS) WatchKit Extension" */;
			buildPhases = (
				60CC1B99771F76B54DF84E10 /* [CP] Check Pods Manifest.lock */,
				BC13EEB62861F22F00E49325 /* Sources */,
				BC13EEB72861F22F00E49325 /* Frameworks */,
				BC13EEB82861F22F00E49325 /* Resources */,
				F05D61F6EE085771B82B48D0 /* [CP] Embed Pods Frameworks */,
			);
			buildRules = (
			);
			dependencies = (
			);
			name = "SSLineChart_Example (watchOS) WatchKit Extension";
			productName = "SSLineChart_Example (watchOS) WatchKit Extension";
			productReference = BC13EEBA2861F22F00E49325 /* SSLineChart_Example (watchOS) WatchKit Extension.appex */;
			productType = "com.apple.product-type.watchkit2-extension";
		};
/* End PBXNativeTarget section */

/* Begin PBXProject section */
		607FACC81AFB9204008FA782 /* Project object */ = {
			isa = PBXProject;
			attributes = {
				LastSwiftUpdateCheck = 1330;
				LastUpgradeCheck = 1330;
				ORGANIZATIONNAME = CocoaPods;
				TargetAttributes = {
					607FACCF1AFB9204008FA782 = {
						CreatedOnToolsVersion = 6.3.1;
						LastSwiftMigration = 0900;
					};
					607FACE41AFB9204008FA782 = {
						CreatedOnToolsVersion = 6.3.1;
						LastSwiftMigration = 0900;
						TestTargetID = 607FACCF1AFB9204008FA782;
					};
					BC13EEA82861F22D00E49325 = {
						CreatedOnToolsVersion = 13.3.1;
						ProvisioningStyle = Automatic;
					};
					BC13EEAB2861F22D00E49325 = {
						CreatedOnToolsVersion = 13.3.1;
						ProvisioningStyle = Automatic;
					};
					BC13EEB92861F22F00E49325 = {
						CreatedOnToolsVersion = 13.3.1;
						ProvisioningStyle = Automatic;
					};
				};
			};
			buildConfigurationList = 607FACCB1AFB9204008FA782 /* Build configuration list for PBXProject "SSLineChart" */;
			compatibilityVersion = "Xcode 3.2";
			developmentRegion = en;
			hasScannedForEncodings = 0;
			knownRegions = (
				en,
				Base,
			);
			mainGroup = 607FACC71AFB9204008FA782;
			productRefGroup = 607FACD11AFB9204008FA782 /* Products */;
			projectDirPath = "";
			projectRoot = "";
			targets = (
				607FACCF1AFB9204008FA782 /* SSLineChart_Example */,
				607FACE41AFB9204008FA782 /* SSLineChart_Tests */,
				BC13EEA82861F22D00E49325 /* SSLineChart_Example (watchOS) */,
				BC13EEAB2861F22D00E49325 /* SSLineChart_Example (watchOS) WatchKit App */,
				BC13EEB92861F22F00E49325 /* SSLineChart_Example (watchOS) WatchKit Extension */,
			);
		};
/* End PBXProject section */

/* Begin PBXResourcesBuildPhase section */
		607FACCE1AFB9204008FA782 /* Resources */ = {
			isa = PBXResourcesBuildPhase;
			buildActionMask = 2147483647;
			files = (
				607FACDB1AFB9204008FA782 /* Main.storyboard in Resources */,
				607FACE01AFB9204008FA782 /* LaunchScreen.xib in Resources */,
				607FACDD1AFB9204008FA782 /* Images.xcassets in Resources */,
			);
			runOnlyForDeploymentPostprocessing = 0;
		};
		607FACE31AFB9204008FA782 /* Resources */ = {
			isa = PBXResourcesBuildPhase;
			buildActionMask = 2147483647;
			files = (
			);
			runOnlyForDeploymentPostprocessing = 0;
		};
		BC13EEA72861F22D00E49325 /* Resources */ = {
			isa = PBXResourcesBuildPhase;
			buildActionMask = 2147483647;
			files = (
			);
			runOnlyForDeploymentPostprocessing = 0;
		};
		BC13EEAA2861F22D00E49325 /* Resources */ = {
			isa = PBXResourcesBuildPhase;
			buildActionMask = 2147483647;
			files = (
				BC13EEB52861F22F00E49325 /* Assets.xcassets in Resources */,
				BC13EEB32861F22D00E49325 /* Interface.storyboard in Resources */,
			);
			runOnlyForDeploymentPostprocessing = 0;
		};
		BC13EEB82861F22F00E49325 /* Resources */ = {
			isa = PBXResourcesBuildPhase;
			buildActionMask = 2147483647;
			files = (
				BC13EEC62861F23000E49325 /* Assets.xcassets in Resources */,
			);
			runOnlyForDeploymentPostprocessing = 0;
		};
/* End PBXResourcesBuildPhase section */

/* Begin PBXShellScriptBuildPhase section */
		49D9BB9C9FD75F6C4680A0E6 /* [CP] Check Pods Manifest.lock */ = {
			isa = PBXShellScriptBuildPhase;
			buildActionMask = 2147483647;
			files = (
			);
			inputFileListPaths = (
			);
			inputPaths = (
				"${PODS_PODFILE_DIR_PATH}/Podfile.lock",
				"${PODS_ROOT}/Manifest.lock",
			);
			name = "[CP] Check Pods Manifest.lock";
			outputFileListPaths = (
			);
			outputPaths = (
				"$(DERIVED_FILE_DIR)/Pods-SSLineChart_Example-checkManifestLockResult.txt",
			);
			runOnlyForDeploymentPostprocessing = 0;
			shellPath = /bin/sh;
			shellScript = "diff \"${PODS_PODFILE_DIR_PATH}/Podfile.lock\" \"${PODS_ROOT}/Manifest.lock\" > /dev/null\nif [ $? != 0 ] ; then\n    # print error to STDERR\n    echo \"error: The sandbox is not in sync with the Podfile.lock. Run 'pod install' or update your CocoaPods installation.\" >&2\n    exit 1\nfi\n# This output is used by Xcode 'outputs' to avoid re-running this script phase.\necho \"SUCCESS\" > \"${SCRIPT_OUTPUT_FILE_0}\"\n";
			showEnvVarsInLog = 0;
		};
		60CC1B99771F76B54DF84E10 /* [CP] Check Pods Manifest.lock */ = {
			isa = PBXShellScriptBuildPhase;
			buildActionMask = 2147483647;
			files = (
			);
			inputFileListPaths = (
			);
			inputPaths = (
				"${PODS_PODFILE_DIR_PATH}/Podfile.lock",
				"${PODS_ROOT}/Manifest.lock",
			);
			name = "[CP] Check Pods Manifest.lock";
			outputFileListPaths = (
			);
			outputPaths = (
				"$(DERIVED_FILE_DIR)/Pods-SSLineChart_Example (watchOS) WatchKit Extension-checkManifestLockResult.txt",
			);
			runOnlyForDeploymentPostprocessing = 0;
			shellPath = /bin/sh;
			shellScript = "diff \"${PODS_PODFILE_DIR_PATH}/Podfile.lock\" \"${PODS_ROOT}/Manifest.lock\" > /dev/null\nif [ $? != 0 ] ; then\n    # print error to STDERR\n    echo \"error: The sandbox is not in sync with the Podfile.lock. Run 'pod install' or update your CocoaPods installation.\" >&2\n    exit 1\nfi\n# This output is used by Xcode 'outputs' to avoid re-running this script phase.\necho \"SUCCESS\" > \"${SCRIPT_OUTPUT_FILE_0}\"\n";
			showEnvVarsInLog = 0;
		};
		83B52746E330EDBFA504B20C /* [CP] Check Pods Manifest.lock */ = {
			isa = PBXShellScriptBuildPhase;
			buildActionMask = 2147483647;
			files = (
			);
			inputFileListPaths = (
			);
			inputPaths = (
				"${PODS_PODFILE_DIR_PATH}/Podfile.lock",
				"${PODS_ROOT}/Manifest.lock",
			);
			name = "[CP] Check Pods Manifest.lock";
			outputFileListPaths = (
			);
			outputPaths = (
				"$(DERIVED_FILE_DIR)/Pods-SSLineChart_Example (watchOS) WatchKit App-checkManifestLockResult.txt",
			);
			runOnlyForDeploymentPostprocessing = 0;
			shellPath = /bin/sh;
			shellScript = "diff \"${PODS_PODFILE_DIR_PATH}/Podfile.lock\" \"${PODS_ROOT}/Manifest.lock\" > /dev/null\nif [ $? != 0 ] ; then\n    # print error to STDERR\n    echo \"error: The sandbox is not in sync with the Podfile.lock. Run 'pod install' or update your CocoaPods installation.\" >&2\n    exit 1\nfi\n# This output is used by Xcode 'outputs' to avoid re-running this script phase.\necho \"SUCCESS\" > \"${SCRIPT_OUTPUT_FILE_0}\"\n";
			showEnvVarsInLog = 0;
		};
		96BACACA295B5006E0CBF93E /* [CP] Check Pods Manifest.lock */ = {
			isa = PBXShellScriptBuildPhase;
			buildActionMask = 2147483647;
			files = (
			);
			inputFileListPaths = (
			);
			inputPaths = (
				"${PODS_PODFILE_DIR_PATH}/Podfile.lock",
				"${PODS_ROOT}/Manifest.lock",
			);
			name = "[CP] Check Pods Manifest.lock";
			outputFileListPaths = (
			);
			outputPaths = (
				"$(DERIVED_FILE_DIR)/Pods-SSLineChart_Tests-checkManifestLockResult.txt",
			);
			runOnlyForDeploymentPostprocessing = 0;
			shellPath = /bin/sh;
			shellScript = "diff \"${PODS_PODFILE_DIR_PATH}/Podfile.lock\" \"${PODS_ROOT}/Manifest.lock\" > /dev/null\nif [ $? != 0 ] ; then\n    # print error to STDERR\n    echo \"error: The sandbox is not in sync with the Podfile.lock. Run 'pod install' or update your CocoaPods installation.\" >&2\n    exit 1\nfi\n# This output is used by Xcode 'outputs' to avoid re-running this script phase.\necho \"SUCCESS\" > \"${SCRIPT_OUTPUT_FILE_0}\"\n";
			showEnvVarsInLog = 0;
		};
		C3E48D179E59904B8F6CE3F1 /* [CP] Embed Pods Frameworks */ = {
			isa = PBXShellScriptBuildPhase;
			buildActionMask = 2147483647;
			files = (
			);
			inputPaths = (
				"${PODS_ROOT}/Target Support Files/Pods-SSLineChart_Example/Pods-SSLineChart_Example-frameworks.sh",
				"${BUILT_PRODUCTS_DIR}/SSLineChart-iOS/SSLineChart.framework",
			);
			name = "[CP] Embed Pods Frameworks";
			outputPaths = (
				"${TARGET_BUILD_DIR}/${FRAMEWORKS_FOLDER_PATH}/SSLineChart.framework",
			);
			runOnlyForDeploymentPostprocessing = 0;
			shellPath = /bin/sh;
			shellScript = "\"${PODS_ROOT}/Target Support Files/Pods-SSLineChart_Example/Pods-SSLineChart_Example-frameworks.sh\"\n";
			showEnvVarsInLog = 0;
		};
		F05D61F6EE085771B82B48D0 /* [CP] Embed Pods Frameworks */ = {
			isa = PBXShellScriptBuildPhase;
			buildActionMask = 2147483647;
			files = (
			);
			inputPaths = (
				"${PODS_ROOT}/Target Support Files/Pods-SSLineChart_Example (watchOS) WatchKit Extension/Pods-SSLineChart_Example (watchOS) WatchKit Extension-frameworks.sh",
				"${BUILT_PRODUCTS_DIR}/SSLineChart-watchOS/SSLineChart.framework",
			);
			name = "[CP] Embed Pods Frameworks";
			outputPaths = (
				"${TARGET_BUILD_DIR}/${FRAMEWORKS_FOLDER_PATH}/SSLineChart.framework",
			);
			runOnlyForDeploymentPostprocessing = 0;
			shellPath = /bin/sh;
			shellScript = "\"${PODS_ROOT}/Target Support Files/Pods-SSLineChart_Example (watchOS) WatchKit Extension/Pods-SSLineChart_Example (watchOS) WatchKit Extension-frameworks.sh\"\n";
			showEnvVarsInLog = 0;
		};
/* End PBXShellScriptBuildPhase section */

/* Begin PBXSourcesBuildPhase section */
		607FACCC1AFB9204008FA782 /* Sources */ = {
			isa = PBXSourcesBuildPhase;
			buildActionMask = 2147483647;
			files = (
				607FACD81AFB9204008FA782 /* ViewController.swift in Sources */,
				607FACD61AFB9204008FA782 /* AppDelegate.swift in Sources */,
			);
			runOnlyForDeploymentPostprocessing = 0;
		};
		607FACE11AFB9204008FA782 /* Sources */ = {
			isa = PBXSourcesBuildPhase;
			buildActionMask = 2147483647;
			files = (
				607FACEC1AFB9204008FA782 /* Tests.swift in Sources */,
			);
			runOnlyForDeploymentPostprocessing = 0;
		};
		BC13EEB62861F22F00E49325 /* Sources */ = {
			isa = PBXSourcesBuildPhase;
			buildActionMask = 2147483647;
			files = (
				BC13EEC22861F22F00E49325 /* ExtensionDelegate.swift in Sources */,
				BC13EEC02861F22F00E49325 /* InterfaceController.swift in Sources */,
				BC13EEC42861F22F00E49325 /* ComplicationController.swift in Sources */,
			);
			runOnlyForDeploymentPostprocessing = 0;
		};
/* End PBXSourcesBuildPhase section */

/* Begin PBXTargetDependency section */
		607FACE71AFB9204008FA782 /* PBXTargetDependency */ = {
			isa = PBXTargetDependency;
			target = 607FACCF1AFB9204008FA782 /* SSLineChart_Example */;
			targetProxy = 607FACE61AFB9204008FA782 /* PBXContainerItemProxy */;
		};
		BC13EEAF2861F22D00E49325 /* PBXTargetDependency */ = {
			isa = PBXTargetDependency;
			target = BC13EEAB2861F22D00E49325 /* SSLineChart_Example (watchOS) WatchKit App */;
			targetProxy = BC13EEAE2861F22D00E49325 /* PBXContainerItemProxy */;
		};
		BC13EEBD2861F22F00E49325 /* PBXTargetDependency */ = {
			isa = PBXTargetDependency;
			target = BC13EEB92861F22F00E49325 /* SSLineChart_Example (watchOS) WatchKit Extension */;
			targetProxy = BC13EEBC2861F22F00E49325 /* PBXContainerItemProxy */;
		};
/* End PBXTargetDependency section */

/* Begin PBXVariantGroup section */
		607FACD91AFB9204008FA782 /* Main.storyboard */ = {
			isa = PBXVariantGroup;
			children = (
				607FACDA1AFB9204008FA782 /* Base */,
			);
			name = Main.storyboard;
			sourceTree = "<group>";
		};
		607FACDE1AFB9204008FA782 /* LaunchScreen.xib */ = {
			isa = PBXVariantGroup;
			children = (
				607FACDF1AFB9204008FA782 /* Base */,
			);
			name = LaunchScreen.xib;
			sourceTree = "<group>";
		};
		BC13EEB12861F22D00E49325 /* Interface.storyboard */ = {
			isa = PBXVariantGroup;
			children = (
				BC13EEB22861F22D00E49325 /* Base */,
			);
			name = Interface.storyboard;
			sourceTree = "<group>";
		};
/* End PBXVariantGroup section */

/* Begin XCBuildConfiguration section */
		607FACED1AFB9204008FA782 /* Debug */ = {
			isa = XCBuildConfiguration;
			buildSettings = {
				ALWAYS_SEARCH_USER_PATHS = NO;
				CLANG_ANALYZER_LOCALIZABILITY_NONLOCALIZED = YES;
				CLANG_CXX_LANGUAGE_STANDARD = "gnu++0x";
				CLANG_CXX_LIBRARY = "libc++";
				CLANG_ENABLE_MODULES = YES;
				CLANG_ENABLE_OBJC_ARC = YES;
				CLANG_WARN_BLOCK_CAPTURE_AUTORELEASING = YES;
				CLANG_WARN_BOOL_CONVERSION = YES;
				CLANG_WARN_COMMA = YES;
				CLANG_WARN_CONSTANT_CONVERSION = YES;
				CLANG_WARN_DEPRECATED_OBJC_IMPLEMENTATIONS = YES;
				CLANG_WARN_DIRECT_OBJC_ISA_USAGE = YES_ERROR;
				CLANG_WARN_EMPTY_BODY = YES;
				CLANG_WARN_ENUM_CONVERSION = YES;
				CLANG_WARN_INFINITE_RECURSION = YES;
				CLANG_WARN_INT_CONVERSION = YES;
				CLANG_WARN_NON_LITERAL_NULL_CONVERSION = YES;
				CLANG_WARN_OBJC_IMPLICIT_RETAIN_SELF = YES;
				CLANG_WARN_OBJC_LITERAL_CONVERSION = YES;
				CLANG_WARN_OBJC_ROOT_CLASS = YES_ERROR;
				CLANG_WARN_QUOTED_INCLUDE_IN_FRAMEWORK_HEADER = YES;
				CLANG_WARN_RANGE_LOOP_ANALYSIS = YES;
				CLANG_WARN_STRICT_PROTOTYPES = YES;
				CLANG_WARN_SUSPICIOUS_MOVE = YES;
				CLANG_WARN_UNREACHABLE_CODE = YES;
				CLANG_WARN__DUPLICATE_METHOD_MATCH = YES;
				"CODE_SIGN_IDENTITY[sdk=iphoneos*]" = "iPhone Developer";
				COPY_PHASE_STRIP = NO;
				DEBUG_INFORMATION_FORMAT = "dwarf-with-dsym";
				ENABLE_STRICT_OBJC_MSGSEND = YES;
				ENABLE_TESTABILITY = YES;
				GCC_C_LANGUAGE_STANDARD = gnu99;
				GCC_DYNAMIC_NO_PIC = NO;
				GCC_NO_COMMON_BLOCKS = YES;
				GCC_OPTIMIZATION_LEVEL = 0;
				GCC_PREPROCESSOR_DEFINITIONS = (
					"DEBUG=1",
					"$(inherited)",
				);
				GCC_SYMBOLS_PRIVATE_EXTERN = NO;
				GCC_WARN_64_TO_32_BIT_CONVERSION = YES;
				GCC_WARN_ABOUT_RETURN_TYPE = YES_ERROR;
				GCC_WARN_UNDECLARED_SELECTOR = YES;
				GCC_WARN_UNINITIALIZED_AUTOS = YES_AGGRESSIVE;
				GCC_WARN_UNUSED_FUNCTION = YES;
				GCC_WARN_UNUSED_VARIABLE = YES;
				IPHONEOS_DEPLOYMENT_TARGET = 13.0;
				MTL_ENABLE_DEBUG_INFO = YES;
				ONLY_ACTIVE_ARCH = YES;
				SDKROOT = iphoneos;
				SWIFT_OPTIMIZATION_LEVEL = "-Onone";
				WATCHOS_DEPLOYMENT_TARGET = 8.0;
			};
			name = Debug;
		};
		607FACEE1AFB9204008FA782 /* Release */ = {
			isa = XCBuildConfiguration;
			buildSettings = {
				ALWAYS_SEARCH_USER_PATHS = NO;
				CLANG_ANALYZER_LOCALIZABILITY_NONLOCALIZED = YES;
				CLANG_CXX_LANGUAGE_STANDARD = "gnu++0x";
				CLANG_CXX_LIBRARY = "libc++";
				CLANG_ENABLE_MODULES = YES;
				CLANG_ENABLE_OBJC_ARC = YES;
				CLANG_WARN_BLOCK_CAPTURE_AUTORELEASING = YES;
				CLANG_WARN_BOOL_CONVERSION = YES;
				CLANG_WARN_COMMA = YES;
				CLANG_WARN_CONSTANT_CONVERSION = YES;
				CLANG_WARN_DEPRECATED_OBJC_IMPLEMENTATIONS = YES;
				CLANG_WARN_DIRECT_OBJC_ISA_USAGE = YES_ERROR;
				CLANG_WARN_EMPTY_BODY = YES;
				CLANG_WARN_ENUM_CONVERSION = YES;
				CLANG_WARN_INFINITE_RECURSION = YES;
				CLANG_WARN_INT_CONVERSION = YES;
				CLANG_WARN_NON_LITERAL_NULL_CONVERSION = YES;
				CLANG_WARN_OBJC_IMPLICIT_RETAIN_SELF = YES;
				CLANG_WARN_OBJC_LITERAL_CONVERSION = YES;
				CLANG_WARN_OBJC_ROOT_CLASS = YES_ERROR;
				CLANG_WARN_QUOTED_INCLUDE_IN_FRAMEWORK_HEADER = YES;
				CLANG_WARN_RANGE_LOOP_ANALYSIS = YES;
				CLANG_WARN_STRICT_PROTOTYPES = YES;
				CLANG_WARN_SUSPICIOUS_MOVE = YES;
				CLANG_WARN_UNREACHABLE_CODE = YES;
				CLANG_WARN__DUPLICATE_METHOD_MATCH = YES;
				"CODE_SIGN_IDENTITY[sdk=iphoneos*]" = "iPhone Developer";
				COPY_PHASE_STRIP = NO;
				DEBUG_INFORMATION_FORMAT = "dwarf-with-dsym";
				ENABLE_NS_ASSERTIONS = NO;
				ENABLE_STRICT_OBJC_MSGSEND = YES;
				GCC_C_LANGUAGE_STANDARD = gnu99;
				GCC_NO_COMMON_BLOCKS = YES;
				GCC_WARN_64_TO_32_BIT_CONVERSION = YES;
				GCC_WARN_ABOUT_RETURN_TYPE = YES_ERROR;
				GCC_WARN_UNDECLARED_SELECTOR = YES;
				GCC_WARN_UNINITIALIZED_AUTOS = YES_AGGRESSIVE;
				GCC_WARN_UNUSED_FUNCTION = YES;
				GCC_WARN_UNUSED_VARIABLE = YES;
				IPHONEOS_DEPLOYMENT_TARGET = 13.0;
				MTL_ENABLE_DEBUG_INFO = NO;
				SDKROOT = iphoneos;
				SWIFT_OPTIMIZATION_LEVEL = "-Owholemodule";
				VALIDATE_PRODUCT = YES;
				WATCHOS_DEPLOYMENT_TARGET = 8.0;
			};
			name = Release;
		};
		607FACF01AFB9204008FA782 /* Debug */ = {
			isa = XCBuildConfiguration;
			baseConfigurationReference = 248CC2E0E25088F6AEFAC73E /* Pods-SSLineChart_Example.debug.xcconfig */;
			buildSettings = {
				ASSETCATALOG_COMPILER_APPICON_NAME = AppIcon;
				INFOPLIST_FILE = SSLineChart/Info.plist;
				IPHONEOS_DEPLOYMENT_TARGET = 13.0;
				LD_RUNPATH_SEARCH_PATHS = "$(inherited) @executable_path/Frameworks";
				MODULE_NAME = ExampleApp;
				PRODUCT_BUNDLE_IDENTIFIER = "org.cocoapods.demo.$(PRODUCT_NAME:rfc1034identifier)";
				PRODUCT_NAME = "$(TARGET_NAME)";
				SWIFT_SWIFT3_OBJC_INFERENCE = Default;
				SWIFT_VERSION = 4.0;
				WATCHOS_DEPLOYMENT_TARGET = 8.0;
			};
			name = Debug;
		};
		607FACF11AFB9204008FA782 /* Release */ = {
			isa = XCBuildConfiguration;
			baseConfigurationReference = CB95745ECFA8F9A0725868FD /* Pods-SSLineChart_Example.release.xcconfig */;
			buildSettings = {
				ASSETCATALOG_COMPILER_APPICON_NAME = AppIcon;
				INFOPLIST_FILE = SSLineChart/Info.plist;
				IPHONEOS_DEPLOYMENT_TARGET = 13.0;
				LD_RUNPATH_SEARCH_PATHS = "$(inherited) @executable_path/Frameworks";
				MODULE_NAME = ExampleApp;
				PRODUCT_BUNDLE_IDENTIFIER = "org.cocoapods.demo.$(PRODUCT_NAME:rfc1034identifier)";
				PRODUCT_NAME = "$(TARGET_NAME)";
				SWIFT_SWIFT3_OBJC_INFERENCE = Default;
				SWIFT_VERSION = 4.0;
				WATCHOS_DEPLOYMENT_TARGET = 8.0;
			};
			name = Release;
		};
		607FACF31AFB9204008FA782 /* Debug */ = {
			isa = XCBuildConfiguration;
			baseConfigurationReference = 11153B44D20ACD0B81238374 /* Pods-SSLineChart_Tests.debug.xcconfig */;
			buildSettings = {
				FRAMEWORK_SEARCH_PATHS = (
					"$(PLATFORM_DIR)/Developer/Library/Frameworks",
					"$(inherited)",
				);
				GCC_PREPROCESSOR_DEFINITIONS = (
					"DEBUG=1",
					"$(inherited)",
				);
				INFOPLIST_FILE = Tests/Info.plist;
				IPHONEOS_DEPLOYMENT_TARGET = 13.0;
				LD_RUNPATH_SEARCH_PATHS = "$(inherited) @executable_path/Frameworks @loader_path/Frameworks";
				PRODUCT_BUNDLE_IDENTIFIER = "org.cocoapods.$(PRODUCT_NAME:rfc1034identifier)";
				PRODUCT_NAME = "$(TARGET_NAME)";
				SWIFT_SWIFT3_OBJC_INFERENCE = Default;
				SWIFT_VERSION = 4.0;
				TEST_HOST = "$(BUILT_PRODUCTS_DIR)/SSLineChart_Example.app/SSLineChart_Example";
				WATCHOS_DEPLOYMENT_TARGET = 8.0;
			};
			name = Debug;
		};
		607FACF41AFB9204008FA782 /* Release */ = {
			isa = XCBuildConfiguration;
			baseConfigurationReference = 45EFAE8A369ABC204A4AB63A /* Pods-SSLineChart_Tests.release.xcconfig */;
			buildSettings = {
				FRAMEWORK_SEARCH_PATHS = (
					"$(PLATFORM_DIR)/Developer/Library/Frameworks",
					"$(inherited)",
				);
				INFOPLIST_FILE = Tests/Info.plist;
				IPHONEOS_DEPLOYMENT_TARGET = 13.0;
				LD_RUNPATH_SEARCH_PATHS = "$(inherited) @executable_path/Frameworks @loader_path/Frameworks";
				PRODUCT_BUNDLE_IDENTIFIER = "org.cocoapods.$(PRODUCT_NAME:rfc1034identifier)";
				PRODUCT_NAME = "$(TARGET_NAME)";
				SWIFT_SWIFT3_OBJC_INFERENCE = Default;
				SWIFT_VERSION = 4.0;
				TEST_HOST = "$(BUILT_PRODUCTS_DIR)/SSLineChart_Example.app/SSLineChart_Example";
				WATCHOS_DEPLOYMENT_TARGET = 8.0;
			};
			name = Release;
		};
		BC13EEC92861F23000E49325 /* Debug */ = {
			isa = XCBuildConfiguration;
			baseConfigurationReference = 15A3DA46E00131424CFFF35D /* Pods-SSLineChart_Example (watchOS) WatchKit Extension.debug.xcconfig */;
			buildSettings = {
				ASSETCATALOG_COMPILER_COMPLICATION_NAME = Complication;
				CLANG_ANALYZER_NONNULL = YES;
				CLANG_ANALYZER_NUMBER_OBJECT_CONVERSION = YES_AGGRESSIVE;
				CLANG_CXX_LANGUAGE_STANDARD = "gnu++17";
				CLANG_ENABLE_OBJC_WEAK = YES;
				CLANG_WARN_DEPRECATED_OBJC_IMPLEMENTATIONS = YES;
				CLANG_WARN_DOCUMENTATION_COMMENTS = YES;
				CLANG_WARN_OBJC_IMPLICIT_RETAIN_SELF = YES;
				CLANG_WARN_QUOTED_INCLUDE_IN_FRAMEWORK_HEADER = YES;
				CLANG_WARN_UNGUARDED_AVAILABILITY = YES_AGGRESSIVE;
				CODE_SIGN_STYLE = Automatic;
				CURRENT_PROJECT_VERSION = 1;
				DEBUG_INFORMATION_FORMAT = dwarf;
				GCC_C_LANGUAGE_STANDARD = gnu11;
				GENERATE_INFOPLIST_FILE = YES;
				INFOPLIST_FILE = "SSLineChart_Example (watchOS) WatchKit Extension/Info.plist";
				INFOPLIST_KEY_CFBundleDisplayName = "SSLineChart_Example (watchOS) WatchKit Extension";
				INFOPLIST_KEY_CLKComplicationPrincipalClass = "$(PRODUCT_MODULE_NAME).ComplicationController";
				INFOPLIST_KEY_NSHumanReadableCopyright = "Copyright © 2022 CocoaPods. All rights reserved.";
				INFOPLIST_KEY_WKExtensionDelegateClassName = "$(PRODUCT_MODULE_NAME).ExtensionDelegate";
				INFOPLIST_KEY_WKWatchOnly = YES;
				IPHONEOS_DEPLOYMENT_TARGET = 13.0;
				LD_RUNPATH_SEARCH_PATHS = "$(inherited) @executable_path/Frameworks @executable_path/../../Frameworks";
				MARKETING_VERSION = 1.0;
				MTL_ENABLE_DEBUG_INFO = INCLUDE_SOURCE;
				MTL_FAST_MATH = YES;
				PRODUCT_BUNDLE_IDENTIFIER = "hitarth.SSLineChart-Example--watchOS-.watchkitapp.watchkitextension";
				PRODUCT_NAME = "${TARGET_NAME}";
				SDKROOT = watchos;
				SKIP_INSTALL = YES;
				SWIFT_ACTIVE_COMPILATION_CONDITIONS = DEBUG;
				SWIFT_EMIT_LOC_STRINGS = YES;
				SWIFT_VERSION = 5.0;
				TARGETED_DEVICE_FAMILY = 4;
				WATCHOS_DEPLOYMENT_TARGET = 8.0;
			};
			name = Debug;
		};
		BC13EECA2861F23000E49325 /* Release */ = {
			isa = XCBuildConfiguration;
			baseConfigurationReference = ADC2F6313EB7ED99B98D7286 /* Pods-SSLineChart_Example (watchOS) WatchKit Extension.release.xcconfig */;
			buildSettings = {
				ASSETCATALOG_COMPILER_COMPLICATION_NAME = Complication;
				CLANG_ANALYZER_NONNULL = YES;
				CLANG_ANALYZER_NUMBER_OBJECT_CONVERSION = YES_AGGRESSIVE;
				CLANG_CXX_LANGUAGE_STANDARD = "gnu++17";
				CLANG_ENABLE_OBJC_WEAK = YES;
				CLANG_WARN_DEPRECATED_OBJC_IMPLEMENTATIONS = YES;
				CLANG_WARN_DOCUMENTATION_COMMENTS = YES;
				CLANG_WARN_OBJC_IMPLICIT_RETAIN_SELF = YES;
				CLANG_WARN_QUOTED_INCLUDE_IN_FRAMEWORK_HEADER = YES;
				CLANG_WARN_UNGUARDED_AVAILABILITY = YES_AGGRESSIVE;
				CODE_SIGN_STYLE = Automatic;
				CURRENT_PROJECT_VERSION = 1;
				GCC_C_LANGUAGE_STANDARD = gnu11;
				GENERATE_INFOPLIST_FILE = YES;
				INFOPLIST_FILE = "SSLineChart_Example (watchOS) WatchKit Extension/Info.plist";
				INFOPLIST_KEY_CFBundleDisplayName = "SSLineChart_Example (watchOS) WatchKit Extension";
				INFOPLIST_KEY_CLKComplicationPrincipalClass = "$(PRODUCT_MODULE_NAME).ComplicationController";
				INFOPLIST_KEY_NSHumanReadableCopyright = "Copyright © 2022 CocoaPods. All rights reserved.";
				INFOPLIST_KEY_WKExtensionDelegateClassName = "$(PRODUCT_MODULE_NAME).ExtensionDelegate";
				INFOPLIST_KEY_WKWatchOnly = YES;
				IPHONEOS_DEPLOYMENT_TARGET = 13.0;
				LD_RUNPATH_SEARCH_PATHS = "$(inherited) @executable_path/Frameworks @executable_path/../../Frameworks";
				MARKETING_VERSION = 1.0;
				MTL_FAST_MATH = YES;
				PRODUCT_BUNDLE_IDENTIFIER = "hitarth.SSLineChart-Example--watchOS-.watchkitapp.watchkitextension";
				PRODUCT_NAME = "${TARGET_NAME}";
				SDKROOT = watchos;
				SKIP_INSTALL = YES;
				SWIFT_EMIT_LOC_STRINGS = YES;
				SWIFT_VERSION = 5.0;
				TARGETED_DEVICE_FAMILY = 4;
				WATCHOS_DEPLOYMENT_TARGET = 8.0;
			};
			name = Release;
		};
		BC13EECD2861F23000E49325 /* Debug */ = {
			isa = XCBuildConfiguration;
			baseConfigurationReference = E74CF66F21874CA29A91569F /* Pods-SSLineChart_Example (watchOS) WatchKit App.debug.xcconfig */;
			buildSettings = {
				ALWAYS_EMBED_SWIFT_STANDARD_LIBRARIES = YES;
				ASSETCATALOG_COMPILER_APPICON_NAME = AppIcon;
				ASSETCATALOG_COMPILER_GLOBAL_ACCENT_COLOR_NAME = AccentColor;
				CLANG_ANALYZER_NONNULL = YES;
				CLANG_ANALYZER_NUMBER_OBJECT_CONVERSION = YES_AGGRESSIVE;
				CLANG_CXX_LANGUAGE_STANDARD = "gnu++17";
				CLANG_ENABLE_OBJC_WEAK = YES;
				CLANG_WARN_DEPRECATED_OBJC_IMPLEMENTATIONS = YES;
				CLANG_WARN_DOCUMENTATION_COMMENTS = YES;
				CLANG_WARN_OBJC_IMPLICIT_RETAIN_SELF = YES;
				CLANG_WARN_QUOTED_INCLUDE_IN_FRAMEWORK_HEADER = YES;
				CLANG_WARN_UNGUARDED_AVAILABILITY = YES_AGGRESSIVE;
				CODE_SIGN_STYLE = Automatic;
				CURRENT_PROJECT_VERSION = 1;
				DEBUG_INFORMATION_FORMAT = dwarf;
				GCC_C_LANGUAGE_STANDARD = gnu11;
				GENERATE_INFOPLIST_FILE = YES;
				IBSC_MODULE = SSLineChart_Example__watchOS__WatchKit_Extension;
				INFOPLIST_KEY_CFBundleDisplayName = "SSLineChart_Example (watchOS) WatchKit App";
				INFOPLIST_KEY_UISupportedInterfaceOrientations = "UIInterfaceOrientationPortrait UIInterfaceOrientationPortraitUpsideDown";
				IPHONEOS_DEPLOYMENT_TARGET = 13.0;
				MARKETING_VERSION = 1.0;
				MTL_ENABLE_DEBUG_INFO = INCLUDE_SOURCE;
				MTL_FAST_MATH = YES;
				PRODUCT_BUNDLE_IDENTIFIER = "hitarth.SSLineChart-Example--watchOS-.watchkitapp";
				PRODUCT_NAME = "$(TARGET_NAME)";
				SDKROOT = watchos;
				SKIP_INSTALL = YES;
				SWIFT_ACTIVE_COMPILATION_CONDITIONS = DEBUG;
				SWIFT_EMIT_LOC_STRINGS = YES;
				SWIFT_VERSION = 5.0;
				TARGETED_DEVICE_FAMILY = 4;
				WATCHOS_DEPLOYMENT_TARGET = 8.0;
			};
			name = Debug;
		};
		BC13EECE2861F23000E49325 /* Release */ = {
			isa = XCBuildConfiguration;
			baseConfigurationReference = 4EF82F591F317576AE0549AF /* Pods-SSLineChart_Example (watchOS) WatchKit App.release.xcconfig */;
			buildSettings = {
				ALWAYS_EMBED_SWIFT_STANDARD_LIBRARIES = YES;
				ASSETCATALOG_COMPILER_APPICON_NAME = AppIcon;
				ASSETCATALOG_COMPILER_GLOBAL_ACCENT_COLOR_NAME = AccentColor;
				CLANG_ANALYZER_NONNULL = YES;
				CLANG_ANALYZER_NUMBER_OBJECT_CONVERSION = YES_AGGRESSIVE;
				CLANG_CXX_LANGUAGE_STANDARD = "gnu++17";
				CLANG_ENABLE_OBJC_WEAK = YES;
				CLANG_WARN_DEPRECATED_OBJC_IMPLEMENTATIONS = YES;
				CLANG_WARN_DOCUMENTATION_COMMENTS = YES;
				CLANG_WARN_OBJC_IMPLICIT_RETAIN_SELF = YES;
				CLANG_WARN_QUOTED_INCLUDE_IN_FRAMEWORK_HEADER = YES;
				CLANG_WARN_UNGUARDED_AVAILABILITY = YES_AGGRESSIVE;
				CODE_SIGN_STYLE = Automatic;
				CURRENT_PROJECT_VERSION = 1;
				GCC_C_LANGUAGE_STANDARD = gnu11;
				GENERATE_INFOPLIST_FILE = YES;
				IBSC_MODULE = SSLineChart_Example__watchOS__WatchKit_Extension;
				INFOPLIST_KEY_CFBundleDisplayName = "SSLineChart_Example (watchOS) WatchKit App";
				INFOPLIST_KEY_UISupportedInterfaceOrientations = "UIInterfaceOrientationPortrait UIInterfaceOrientationPortraitUpsideDown";
				IPHONEOS_DEPLOYMENT_TARGET = 13.0;
				MARKETING_VERSION = 1.0;
				MTL_FAST_MATH = YES;
				PRODUCT_BUNDLE_IDENTIFIER = "hitarth.SSLineChart-Example--watchOS-.watchkitapp";
				PRODUCT_NAME = "$(TARGET_NAME)";
				SDKROOT = watchos;
				SKIP_INSTALL = YES;
				SWIFT_EMIT_LOC_STRINGS = YES;
				SWIFT_VERSION = 5.0;
				TARGETED_DEVICE_FAMILY = 4;
				WATCHOS_DEPLOYMENT_TARGET = 8.0;
			};
			name = Release;
		};
		BC13EED12861F23000E49325 /* Debug */ = {
			isa = XCBuildConfiguration;
			buildSettings = {
				CLANG_ANALYZER_NONNULL = YES;
				CLANG_ANALYZER_NUMBER_OBJECT_CONVERSION = YES_AGGRESSIVE;
				CLANG_CXX_LANGUAGE_STANDARD = "gnu++17";
				CLANG_ENABLE_OBJC_WEAK = YES;
				CLANG_WARN_DEPRECATED_OBJC_IMPLEMENTATIONS = YES;
				CLANG_WARN_DOCUMENTATION_COMMENTS = YES;
				CLANG_WARN_OBJC_IMPLICIT_RETAIN_SELF = YES;
				CLANG_WARN_QUOTED_INCLUDE_IN_FRAMEWORK_HEADER = YES;
				CLANG_WARN_UNGUARDED_AVAILABILITY = YES_AGGRESSIVE;
				CODE_SIGN_STYLE = Automatic;
				CURRENT_PROJECT_VERSION = 1;
				DEBUG_INFORMATION_FORMAT = dwarf;
				GCC_C_LANGUAGE_STANDARD = gnu11;
				IPHONEOS_DEPLOYMENT_TARGET = 13.0;
				MARKETING_VERSION = 1.0;
				MTL_ENABLE_DEBUG_INFO = INCLUDE_SOURCE;
				MTL_FAST_MATH = YES;
				PRODUCT_BUNDLE_IDENTIFIER = "hitarth.SSLineChart-Example--watchOS-";
				PRODUCT_NAME = "$(TARGET_NAME)";
				SWIFT_ACTIVE_COMPILATION_CONDITIONS = DEBUG;
				SWIFT_VERSION = 5.0;
				WATCHOS_DEPLOYMENT_TARGET = 8.0;
			};
			name = Debug;
		};
		BC13EED22861F23000E49325 /* Release */ = {
			isa = XCBuildConfiguration;
			buildSettings = {
				CLANG_ANALYZER_NONNULL = YES;
				CLANG_ANALYZER_NUMBER_OBJECT_CONVERSION = YES_AGGRESSIVE;
				CLANG_CXX_LANGUAGE_STANDARD = "gnu++17";
				CLANG_ENABLE_OBJC_WEAK = YES;
				CLANG_WARN_DEPRECATED_OBJC_IMPLEMENTATIONS = YES;
				CLANG_WARN_DOCUMENTATION_COMMENTS = YES;
				CLANG_WARN_OBJC_IMPLICIT_RETAIN_SELF = YES;
				CLANG_WARN_QUOTED_INCLUDE_IN_FRAMEWORK_HEADER = YES;
				CLANG_WARN_UNGUARDED_AVAILABILITY = YES_AGGRESSIVE;
				CODE_SIGN_STYLE = Automatic;
				CURRENT_PROJECT_VERSION = 1;
				GCC_C_LANGUAGE_STANDARD = gnu11;
				IPHONEOS_DEPLOYMENT_TARGET = 13.0;
				MARKETING_VERSION = 1.0;
				MTL_FAST_MATH = YES;
				PRODUCT_BUNDLE_IDENTIFIER = "hitarth.SSLineChart-Example--watchOS-";
				PRODUCT_NAME = "$(TARGET_NAME)";
				SWIFT_VERSION = 5.0;
				WATCHOS_DEPLOYMENT_TARGET = 8.0;
			};
			name = Release;
		};
/* End XCBuildConfiguration section */

/* Begin XCConfigurationList section */
		607FACCB1AFB9204008FA782 /* Build configuration list for PBXProject "SSLineChart" */ = {
			isa = XCConfigurationList;
			buildConfigurations = (
				607FACED1AFB9204008FA782 /* Debug */,
				607FACEE1AFB9204008FA782 /* Release */,
			);
			defaultConfigurationIsVisible = 0;
			defaultConfigurationName = Release;
		};
		607FACEF1AFB9204008FA782 /* Build configuration list for PBXNativeTarget "SSLineChart_Example" */ = {
			isa = XCConfigurationList;
			buildConfigurations = (
				607FACF01AFB9204008FA782 /* Debug */,
				607FACF11AFB9204008FA782 /* Release */,
			);
			defaultConfigurationIsVisible = 0;
			defaultConfigurationName = Release;
		};
		607FACF21AFB9204008FA782 /* Build configuration list for PBXNativeTarget "SSLineChart_Tests" */ = {
			isa = XCConfigurationList;
			buildConfigurations = (
				607FACF31AFB9204008FA782 /* Debug */,
				607FACF41AFB9204008FA782 /* Release */,
			);
			defaultConfigurationIsVisible = 0;
			defaultConfigurationName = Release;
		};
		BC13EEC82861F23000E49325 /* Build configuration list for PBXNativeTarget "SSLineChart_Example (watchOS) WatchKit Extension" */ = {
			isa = XCConfigurationList;
			buildConfigurations = (
				BC13EEC92861F23000E49325 /* Debug */,
				BC13EECA2861F23000E49325 /* Release */,
			);
			defaultConfigurationIsVisible = 0;
			defaultConfigurationName = Release;
		};
		BC13EECC2861F23000E49325 /* Build configuration list for PBXNativeTarget "SSLineChart_Example (watchOS) WatchKit App" */ = {
			isa = XCConfigurationList;
			buildConfigurations = (
				BC13EECD2861F23000E49325 /* Debug */,
				BC13EECE2861F23000E49325 /* Release */,
			);
			defaultConfigurationIsVisible = 0;
			defaultConfigurationName = Release;
		};
		BC13EED02861F23000E49325 /* Build configuration list for PBXNativeTarget "SSLineChart_Example (watchOS)" */ = {
			isa = XCConfigurationList;
			buildConfigurations = (
				BC13EED12861F23000E49325 /* Debug */,
				BC13EED22861F23000E49325 /* Release */,
			);
			defaultConfigurationIsVisible = 0;
			defaultConfigurationName = Release;
		};
/* End XCConfigurationList section */
	};
	rootObject = 607FACC81AFB9204008FA782 /* Project object */;
}
